// !$*UTF8*$!
{
	archiveVersion = 1;
	classes = {
	};
	objectVersion = 50;
	objects = {

/* Begin PBXBuildFile section */
		3780D3F198F4D498CB8F16C7 /* libPods-CodeTest_iOSUITests.a in Frameworks */ = {isa = PBXBuildFile; fileRef = A0C62D276BB4D7E3D865FFF2 /* libPods-CodeTest_iOSUITests.a */; };
		730E46B3CE5E2B9E07553639 /* libPods-CodeTest_iOSTests.a in Frameworks */ = {isa = PBXBuildFile; fileRef = 9E4ACF54E1C98DADC03137A2 /* libPods-CodeTest_iOSTests.a */; };
		8DD83A3222FBDB6100EEFDB3 /* AppDelegate.m in Sources */ = {isa = PBXBuildFile; fileRef = 8DD83A3122FBDB6100EEFDB3 /* AppDelegate.m */; };
		8DD83A3822FBDB6100EEFDB3 /* Main.storyboard in Resources */ = {isa = PBXBuildFile; fileRef = 8DD83A3622FBDB6100EEFDB3 /* Main.storyboard */; };
		8DD83A3A22FBDB6300EEFDB3 /* Assets.xcassets in Resources */ = {isa = PBXBuildFile; fileRef = 8DD83A3922FBDB6300EEFDB3 /* Assets.xcassets */; };
		8DD83A3D22FBDB6300EEFDB3 /* LaunchScreen.storyboard in Resources */ = {isa = PBXBuildFile; fileRef = 8DD83A3B22FBDB6300EEFDB3 /* LaunchScreen.storyboard */; };
		8DD83A4022FBDB6300EEFDB3 /* main.m in Sources */ = {isa = PBXBuildFile; fileRef = 8DD83A3F22FBDB6300EEFDB3 /* main.m */; };
		8DD83A4A22FBDB6300EEFDB3 /* CodeTest_iOSTests.m in Sources */ = {isa = PBXBuildFile; fileRef = 8DD83A4922FBDB6300EEFDB3 /* CodeTest_iOSTests.m */; };
		8DD83A5522FBDB6300EEFDB3 /* CodeTest_iOSUITests.m in Sources */ = {isa = PBXBuildFile; fileRef = 8DD83A5422FBDB6300EEFDB3 /* CodeTest_iOSUITests.m */; };
		8DD83A6722FBE2A900EEFDB3 /* EQListViewController.m in Sources */ = {isa = PBXBuildFile; fileRef = 8DD83A6622FBE2A900EEFDB3 /* EQListViewController.m */; };
		8DD83A6A22FBE3A500EEFDB3 /* EQMapViewController.m in Sources */ = {isa = PBXBuildFile; fileRef = 8DD83A6922FBE3A500EEFDB3 /* EQMapViewController.m */; };
		8DD83A6E22FBE9E800EEFDB3 /* EQTableViewCell.m in Sources */ = {isa = PBXBuildFile; fileRef = 8DD83A6D22FBE9E800EEFDB3 /* EQTableViewCell.m */; };
		8DD83A6F22FBF71C00EEFDB3 /* Main.storyboard in Resources */ = {isa = PBXBuildFile; fileRef = 8DD83A3622FBDB6100EEFDB3 /* Main.storyboard */; };
		8DD83A7322FC0AEF00EEFDB3 /* GeoJSON.m in Sources */ = {isa = PBXBuildFile; fileRef = 8DD83A7222FC0AEF00EEFDB3 /* GeoJSON.m */; };
		8DD83A7422FC0D6500EEFDB3 /* EQListViewController.m in Sources */ = {isa = PBXBuildFile; fileRef = 8DD83A6622FBE2A900EEFDB3 /* EQListViewController.m */; };
		EFDA1A0794C6ADE0775458C2 /* libPods-CodeTest_iOS.a in Frameworks */ = {isa = PBXBuildFile; fileRef = 9FD385D9FB65EDF635D3E920 /* libPods-CodeTest_iOS.a */; };
/* End PBXBuildFile section */

/* Begin PBXContainerItemProxy section */
		8DD83A4622FBDB6300EEFDB3 /* PBXContainerItemProxy */ = {
			isa = PBXContainerItemProxy;
			containerPortal = 8DD83A2522FBDB6100EEFDB3 /* Project object */;
			proxyType = 1;
			remoteGlobalIDString = 8DD83A2C22FBDB6100EEFDB3;
			remoteInfo = CodeTest_iOS;
		};
		8DD83A5122FBDB6300EEFDB3 /* PBXContainerItemProxy */ = {
			isa = PBXContainerItemProxy;
			containerPortal = 8DD83A2522FBDB6100EEFDB3 /* Project object */;
			proxyType = 1;
			remoteGlobalIDString = 8DD83A2C22FBDB6100EEFDB3;
			remoteInfo = CodeTest_iOS;
		};
/* End PBXContainerItemProxy section */

/* Begin PBXFileReference section */
		189849056775997198A85FE8 /* Pods-CodeTest_iOSTests.release.xcconfig */ = {isa = PBXFileReference; includeInIndex = 1; lastKnownFileType = text.xcconfig; name = "Pods-CodeTest_iOSTests.release.xcconfig"; path = "Target Support Files/Pods-CodeTest_iOSTests/Pods-CodeTest_iOSTests.release.xcconfig"; sourceTree = "<group>"; };
		6E70A3FDF8BF6FF5D76DD7F4 /* Pods-CodeTest_iOS.release.xcconfig */ = {isa = PBXFileReference; includeInIndex = 1; lastKnownFileType = text.xcconfig; name = "Pods-CodeTest_iOS.release.xcconfig"; path = "Target Support Files/Pods-CodeTest_iOS/Pods-CodeTest_iOS.release.xcconfig"; sourceTree = "<group>"; };
		8DD83A2D22FBDB6100EEFDB3 /* CodeTest_iOS.app */ = {isa = PBXFileReference; explicitFileType = wrapper.application; includeInIndex = 0; path = CodeTest_iOS.app; sourceTree = BUILT_PRODUCTS_DIR; };
		8DD83A3022FBDB6100EEFDB3 /* AppDelegate.h */ = {isa = PBXFileReference; lastKnownFileType = sourcecode.c.h; path = AppDelegate.h; sourceTree = "<group>"; };
		8DD83A3122FBDB6100EEFDB3 /* AppDelegate.m */ = {isa = PBXFileReference; lastKnownFileType = sourcecode.c.objc; path = AppDelegate.m; sourceTree = "<group>"; };
		8DD83A3722FBDB6100EEFDB3 /* Base */ = {isa = PBXFileReference; lastKnownFileType = file.storyboard; name = Base; path = Base.lproj/Main.storyboard; sourceTree = "<group>"; };
		8DD83A3922FBDB6300EEFDB3 /* Assets.xcassets */ = {isa = PBXFileReference; lastKnownFileType = folder.assetcatalog; path = Assets.xcassets; sourceTree = "<group>"; };
		8DD83A3C22FBDB6300EEFDB3 /* Base */ = {isa = PBXFileReference; lastKnownFileType = file.storyboard; name = Base; path = Base.lproj/LaunchScreen.storyboard; sourceTree = "<group>"; };
		8DD83A3E22FBDB6300EEFDB3 /* Info.plist */ = {isa = PBXFileReference; lastKnownFileType = text.plist.xml; path = Info.plist; sourceTree = "<group>"; };
		8DD83A3F22FBDB6300EEFDB3 /* main.m */ = {isa = PBXFileReference; lastKnownFileType = sourcecode.c.objc; path = main.m; sourceTree = "<group>"; };
		8DD83A4522FBDB6300EEFDB3 /* CodeTest_iOSTests.xctest */ = {isa = PBXFileReference; explicitFileType = wrapper.cfbundle; includeInIndex = 0; path = CodeTest_iOSTests.xctest; sourceTree = BUILT_PRODUCTS_DIR; };
		8DD83A4922FBDB6300EEFDB3 /* CodeTest_iOSTests.m */ = {isa = PBXFileReference; lastKnownFileType = sourcecode.c.objc; path = CodeTest_iOSTests.m; sourceTree = "<group>"; };
		8DD83A4B22FBDB6300EEFDB3 /* Info.plist */ = {isa = PBXFileReference; lastKnownFileType = text.plist.xml; path = Info.plist; sourceTree = "<group>"; };
		8DD83A5022FBDB6300EEFDB3 /* CodeTest_iOSUITests.xctest */ = {isa = PBXFileReference; explicitFileType = wrapper.cfbundle; includeInIndex = 0; path = CodeTest_iOSUITests.xctest; sourceTree = BUILT_PRODUCTS_DIR; };
		8DD83A5422FBDB6300EEFDB3 /* CodeTest_iOSUITests.m */ = {isa = PBXFileReference; lastKnownFileType = sourcecode.c.objc; path = CodeTest_iOSUITests.m; sourceTree = "<group>"; };
		8DD83A5622FBDB6300EEFDB3 /* Info.plist */ = {isa = PBXFileReference; lastKnownFileType = text.plist.xml; path = Info.plist; sourceTree = "<group>"; };
		8DD83A6522FBE2A900EEFDB3 /* EQListViewController.h */ = {isa = PBXFileReference; lastKnownFileType = sourcecode.c.h; path = EQListViewController.h; sourceTree = "<group>"; };
		8DD83A6622FBE2A900EEFDB3 /* EQListViewController.m */ = {isa = PBXFileReference; lastKnownFileType = sourcecode.c.objc; path = EQListViewController.m; sourceTree = "<group>"; };
		8DD83A6822FBE3A500EEFDB3 /* EQMapViewController.h */ = {isa = PBXFileReference; lastKnownFileType = sourcecode.c.h; path = EQMapViewController.h; sourceTree = "<group>"; };
		8DD83A6922FBE3A500EEFDB3 /* EQMapViewController.m */ = {isa = PBXFileReference; lastKnownFileType = sourcecode.c.objc; path = EQMapViewController.m; sourceTree = "<group>"; };
		8DD83A6C22FBE9E800EEFDB3 /* EQTableViewCell.h */ = {isa = PBXFileReference; lastKnownFileType = sourcecode.c.h; path = EQTableViewCell.h; sourceTree = "<group>"; };
		8DD83A6D22FBE9E800EEFDB3 /* EQTableViewCell.m */ = {isa = PBXFileReference; lastKnownFileType = sourcecode.c.objc; path = EQTableViewCell.m; sourceTree = "<group>"; };
		8DD83A7122FC0AEF00EEFDB3 /* GeoJSON.h */ = {isa = PBXFileReference; lastKnownFileType = sourcecode.c.h; path = GeoJSON.h; sourceTree = "<group>"; };
		8DD83A7222FC0AEF00EEFDB3 /* GeoJSON.m */ = {isa = PBXFileReference; lastKnownFileType = sourcecode.c.objc; path = GeoJSON.m; sourceTree = "<group>"; };
		911919C5CCE4B0A5BE5EFE85 /* Pods-CodeTest_iOS.debug.xcconfig */ = {isa = PBXFileReference; includeInIndex = 1; lastKnownFileType = text.xcconfig; name = "Pods-CodeTest_iOS.debug.xcconfig"; path = "Target Support Files/Pods-CodeTest_iOS/Pods-CodeTest_iOS.debug.xcconfig"; sourceTree = "<group>"; };
		9E4ACF54E1C98DADC03137A2 /* libPods-CodeTest_iOSTests.a */ = {isa = PBXFileReference; explicitFileType = archive.ar; includeInIndex = 0; path = "libPods-CodeTest_iOSTests.a"; sourceTree = BUILT_PRODUCTS_DIR; };
		9EAF13C2A12121F60C918D35 /* Pods-CodeTest_iOSTests.debug.xcconfig */ = {isa = PBXFileReference; includeInIndex = 1; lastKnownFileType = text.xcconfig; name = "Pods-CodeTest_iOSTests.debug.xcconfig"; path = "Target Support Files/Pods-CodeTest_iOSTests/Pods-CodeTest_iOSTests.debug.xcconfig"; sourceTree = "<group>"; };
		9FD385D9FB65EDF635D3E920 /* libPods-CodeTest_iOS.a */ = {isa = PBXFileReference; explicitFileType = archive.ar; includeInIndex = 0; path = "libPods-CodeTest_iOS.a"; sourceTree = BUILT_PRODUCTS_DIR; };
		A0C62D276BB4D7E3D865FFF2 /* libPods-CodeTest_iOSUITests.a */ = {isa = PBXFileReference; explicitFileType = archive.ar; includeInIndex = 0; path = "libPods-CodeTest_iOSUITests.a"; sourceTree = BUILT_PRODUCTS_DIR; };
		BB581E7934EB31354BCD0BCB /* Pods-CodeTest_iOSUITests.debug.xcconfig */ = {isa = PBXFileReference; includeInIndex = 1; lastKnownFileType = text.xcconfig; name = "Pods-CodeTest_iOSUITests.debug.xcconfig"; path = "Target Support Files/Pods-CodeTest_iOSUITests/Pods-CodeTest_iOSUITests.debug.xcconfig"; sourceTree = "<group>"; };
		EE4ADCA6C58BC17E18475787 /* Pods-CodeTest_iOSUITests.release.xcconfig */ = {isa = PBXFileReference; includeInIndex = 1; lastKnownFileType = text.xcconfig; name = "Pods-CodeTest_iOSUITests.release.xcconfig"; path = "Target Support Files/Pods-CodeTest_iOSUITests/Pods-CodeTest_iOSUITests.release.xcconfig"; sourceTree = "<group>"; };
/* End PBXFileReference section */

/* Begin PBXFrameworksBuildPhase section */
		8DD83A2A22FBDB6100EEFDB3 /* Frameworks */ = {
			isa = PBXFrameworksBuildPhase;
			buildActionMask = 2147483647;
			files = (
				EFDA1A0794C6ADE0775458C2 /* libPods-CodeTest_iOS.a in Frameworks */,
			);
			runOnlyForDeploymentPostprocessing = 0;
		};
		8DD83A4222FBDB6300EEFDB3 /* Frameworks */ = {
			isa = PBXFrameworksBuildPhase;
			buildActionMask = 2147483647;
			files = (
				730E46B3CE5E2B9E07553639 /* libPods-CodeTest_iOSTests.a in Frameworks */,
			);
			runOnlyForDeploymentPostprocessing = 0;
		};
		8DD83A4D22FBDB6300EEFDB3 /* Frameworks */ = {
			isa = PBXFrameworksBuildPhase;
			buildActionMask = 2147483647;
			files = (
				3780D3F198F4D498CB8F16C7 /* libPods-CodeTest_iOSUITests.a in Frameworks */,
			);
			runOnlyForDeploymentPostprocessing = 0;
		};
/* End PBXFrameworksBuildPhase section */

/* Begin PBXGroup section */
		84B33AF25D3C846F29BCA7DA /* Pods */ = {
			isa = PBXGroup;
			children = (
				911919C5CCE4B0A5BE5EFE85 /* Pods-CodeTest_iOS.debug.xcconfig */,
				6E70A3FDF8BF6FF5D76DD7F4 /* Pods-CodeTest_iOS.release.xcconfig */,
				9EAF13C2A12121F60C918D35 /* Pods-CodeTest_iOSTests.debug.xcconfig */,
				189849056775997198A85FE8 /* Pods-CodeTest_iOSTests.release.xcconfig */,
				BB581E7934EB31354BCD0BCB /* Pods-CodeTest_iOSUITests.debug.xcconfig */,
				EE4ADCA6C58BC17E18475787 /* Pods-CodeTest_iOSUITests.release.xcconfig */,
			);
			path = Pods;
			sourceTree = "<group>";
		};
		8DD83A2422FBDB6000EEFDB3 = {
			isa = PBXGroup;
			children = (
				8DD83A2F22FBDB6100EEFDB3 /* CodeTest_iOS */,
				8DD83A4822FBDB6300EEFDB3 /* CodeTest_iOSTests */,
				8DD83A5322FBDB6300EEFDB3 /* CodeTest_iOSUITests */,
				8DD83A2E22FBDB6100EEFDB3 /* Products */,
				84B33AF25D3C846F29BCA7DA /* Pods */,
				D8DCCA26D4D182405BC2A928 /* Frameworks */,
			);
			sourceTree = "<group>";
		};
		8DD83A2E22FBDB6100EEFDB3 /* Products */ = {
			isa = PBXGroup;
			children = (
				8DD83A2D22FBDB6100EEFDB3 /* CodeTest_iOS.app */,
				8DD83A4522FBDB6300EEFDB3 /* CodeTest_iOSTests.xctest */,
				8DD83A5022FBDB6300EEFDB3 /* CodeTest_iOSUITests.xctest */,
			);
			name = Products;
			sourceTree = "<group>";
		};
		8DD83A2F22FBDB6100EEFDB3 /* CodeTest_iOS */ = {
			isa = PBXGroup;
			children = (
				8DD83A6222FBE10300EEFDB3 /* AppDelegate */,
				8DD83A6B22FBE9B000EEFDB3 /* CustomCells */,
				8DD83A7022FC0AC500EEFDB3 /* Model */,
				8DD83A6322FBE12000EEFDB3 /* ViewControllers */,
				8DD83A6422FBE16700EEFDB3 /* Storyboards */,
				8DD83A3922FBDB6300EEFDB3 /* Assets.xcassets */,
				8DD83A3E22FBDB6300EEFDB3 /* Info.plist */,
				8DD83A3F22FBDB6300EEFDB3 /* main.m */,
			);
			path = CodeTest_iOS;
			sourceTree = "<group>";
		};
		8DD83A4822FBDB6300EEFDB3 /* CodeTest_iOSTests */ = {
			isa = PBXGroup;
			children = (
				8DD83A4922FBDB6300EEFDB3 /* CodeTest_iOSTests.m */,
				8DD83A4B22FBDB6300EEFDB3 /* Info.plist */,
			);
			path = CodeTest_iOSTests;
			sourceTree = "<group>";
		};
		8DD83A5322FBDB6300EEFDB3 /* CodeTest_iOSUITests */ = {
			isa = PBXGroup;
			children = (
				8DD83A5422FBDB6300EEFDB3 /* CodeTest_iOSUITests.m */,
				8DD83A5622FBDB6300EEFDB3 /* Info.plist */,
			);
			path = CodeTest_iOSUITests;
			sourceTree = "<group>";
		};
		8DD83A6222FBE10300EEFDB3 /* AppDelegate */ = {
			isa = PBXGroup;
			children = (
				8DD83A3022FBDB6100EEFDB3 /* AppDelegate.h */,
				8DD83A3122FBDB6100EEFDB3 /* AppDelegate.m */,
			);
			path = AppDelegate;
			sourceTree = "<group>";
		};
		8DD83A6322FBE12000EEFDB3 /* ViewControllers */ = {
			isa = PBXGroup;
			children = (
				8DD83A6522FBE2A900EEFDB3 /* EQListViewController.h */,
				8DD83A6622FBE2A900EEFDB3 /* EQListViewController.m */,
				8DD83A6822FBE3A500EEFDB3 /* EQMapViewController.h */,
				8DD83A6922FBE3A500EEFDB3 /* EQMapViewController.m */,
			);
			path = ViewControllers;
			sourceTree = "<group>";
		};
		8DD83A6422FBE16700EEFDB3 /* Storyboards */ = {
			isa = PBXGroup;
			children = (
				8DD83A3622FBDB6100EEFDB3 /* Main.storyboard */,
				8DD83A3B22FBDB6300EEFDB3 /* LaunchScreen.storyboard */,
			);
			path = Storyboards;
			sourceTree = "<group>";
		};
		8DD83A6B22FBE9B000EEFDB3 /* CustomCells */ = {
			isa = PBXGroup;
			children = (
				8DD83A6C22FBE9E800EEFDB3 /* EQTableViewCell.h */,
				8DD83A6D22FBE9E800EEFDB3 /* EQTableViewCell.m */,
			);
			path = CustomCells;
			sourceTree = "<group>";
		};
		8DD83A7022FC0AC500EEFDB3 /* Model */ = {
			isa = PBXGroup;
			children = (
				8DD83A7122FC0AEF00EEFDB3 /* GeoJSON.h */,
				8DD83A7222FC0AEF00EEFDB3 /* GeoJSON.m */,
			);
			path = Model;
			sourceTree = "<group>";
		};
		D8DCCA26D4D182405BC2A928 /* Frameworks */ = {
			isa = PBXGroup;
			children = (
				9FD385D9FB65EDF635D3E920 /* libPods-CodeTest_iOS.a */,
				9E4ACF54E1C98DADC03137A2 /* libPods-CodeTest_iOSTests.a */,
				A0C62D276BB4D7E3D865FFF2 /* libPods-CodeTest_iOSUITests.a */,
			);
			name = Frameworks;
			sourceTree = "<group>";
		};
/* End PBXGroup section */

/* Begin PBXNativeTarget section */
		8DD83A2C22FBDB6100EEFDB3 /* CodeTest_iOS */ = {
			isa = PBXNativeTarget;
			buildConfigurationList = 8DD83A5922FBDB6300EEFDB3 /* Build configuration list for PBXNativeTarget "CodeTest_iOS" */;
			buildPhases = (
				BB07943FD9D219A0B7B9582C /* [CP] Check Pods Manifest.lock */,
				8DD83A2922FBDB6100EEFDB3 /* Sources */,
				8DD83A2A22FBDB6100EEFDB3 /* Frameworks */,
				8DD83A2B22FBDB6100EEFDB3 /* Resources */,
			);
			buildRules = (
			);
			dependencies = (
			);
			name = CodeTest_iOS;
			productName = CodeTest_iOS;
			productReference = 8DD83A2D22FBDB6100EEFDB3 /* CodeTest_iOS.app */;
			productType = "com.apple.product-type.application";
		};
		8DD83A4422FBDB6300EEFDB3 /* CodeTest_iOSTests */ = {
			isa = PBXNativeTarget;
			buildConfigurationList = 8DD83A5C22FBDB6300EEFDB3 /* Build configuration list for PBXNativeTarget "CodeTest_iOSTests" */;
			buildPhases = (
				5453EC55130C95768AA91295 /* [CP] Check Pods Manifest.lock */,
				8DD83A4122FBDB6300EEFDB3 /* Sources */,
				8DD83A4222FBDB6300EEFDB3 /* Frameworks */,
				8DD83A4322FBDB6300EEFDB3 /* Resources */,
			);
			buildRules = (
			);
			dependencies = (
				8DD83A4722FBDB6300EEFDB3 /* PBXTargetDependency */,
			);
			name = CodeTest_iOSTests;
			productName = CodeTest_iOSTests;
			productReference = 8DD83A4522FBDB6300EEFDB3 /* CodeTest_iOSTests.xctest */;
			productType = "com.apple.product-type.bundle.unit-test";
		};
		8DD83A4F22FBDB6300EEFDB3 /* CodeTest_iOSUITests */ = {
			isa = PBXNativeTarget;
			buildConfigurationList = 8DD83A5F22FBDB6300EEFDB3 /* Build configuration list for PBXNativeTarget "CodeTest_iOSUITests" */;
			buildPhases = (
				77212262F8736044179A23CE /* [CP] Check Pods Manifest.lock */,
				8DD83A4C22FBDB6300EEFDB3 /* Sources */,
				8DD83A4D22FBDB6300EEFDB3 /* Frameworks */,
				8DD83A4E22FBDB6300EEFDB3 /* Resources */,
			);
			buildRules = (
			);
			dependencies = (
				8DD83A5222FBDB6300EEFDB3 /* PBXTargetDependency */,
			);
			name = CodeTest_iOSUITests;
			productName = CodeTest_iOSUITests;
			productReference = 8DD83A5022FBDB6300EEFDB3 /* CodeTest_iOSUITests.xctest */;
			productType = "com.apple.product-type.bundle.ui-testing";
		};
/* End PBXNativeTarget section */

/* Begin PBXProject section */
		8DD83A2522FBDB6100EEFDB3 /* Project object */ = {
			isa = PBXProject;
			attributes = {
				LastUpgradeCheck = 1020;
				ORGANIZATIONNAME = "Abilash Francis";
				TargetAttributes = {
					8DD83A2C22FBDB6100EEFDB3 = {
						CreatedOnToolsVersion = 10.2;
					};
					8DD83A4422FBDB6300EEFDB3 = {
						CreatedOnToolsVersion = 10.2;
						TestTargetID = 8DD83A2C22FBDB6100EEFDB3;
					};
					8DD83A4F22FBDB6300EEFDB3 = {
						CreatedOnToolsVersion = 10.2;
						TestTargetID = 8DD83A2C22FBDB6100EEFDB3;
					};
				};
			};
			buildConfigurationList = 8DD83A2822FBDB6100EEFDB3 /* Build configuration list for PBXProject "CodeTest_iOS" */;
			compatibilityVersion = "Xcode 9.3";
			developmentRegion = en;
			hasScannedForEncodings = 0;
			knownRegions = (
				en,
				Base,
			);
			mainGroup = 8DD83A2422FBDB6000EEFDB3;
			productRefGroup = 8DD83A2E22FBDB6100EEFDB3 /* Products */;
			projectDirPath = "";
			projectRoot = "";
			targets = (
				8DD83A2C22FBDB6100EEFDB3 /* CodeTest_iOS */,
				8DD83A4422FBDB6300EEFDB3 /* CodeTest_iOSTests */,
				8DD83A4F22FBDB6300EEFDB3 /* CodeTest_iOSUITests */,
			);
		};
/* End PBXProject section */

/* Begin PBXResourcesBuildPhase section */
		8DD83A2B22FBDB6100EEFDB3 /* Resources */ = {
			isa = PBXResourcesBuildPhase;
			buildActionMask = 2147483647;
			files = (
				8DD83A3D22FBDB6300EEFDB3 /* LaunchScreen.storyboard in Resources */,
				8DD83A3A22FBDB6300EEFDB3 /* Assets.xcassets in Resources */,
				8DD83A3822FBDB6100EEFDB3 /* Main.storyboard in Resources */,
			);
			runOnlyForDeploymentPostprocessing = 0;
		};
		8DD83A4322FBDB6300EEFDB3 /* Resources */ = {
			isa = PBXResourcesBuildPhase;
			buildActionMask = 2147483647;
			files = (
			);
			runOnlyForDeploymentPostprocessing = 0;
		};
		8DD83A4E22FBDB6300EEFDB3 /* Resources */ = {
			isa = PBXResourcesBuildPhase;
			buildActionMask = 2147483647;
			files = (
				8DD83A6F22FBF71C00EEFDB3 /* Main.storyboard in Resources */,
			);
			runOnlyForDeploymentPostprocessing = 0;
		};
/* End PBXResourcesBuildPhase section */

/* Begin PBXShellScriptBuildPhase section */
		5453EC55130C95768AA91295 /* [CP] Check Pods Manifest.lock */ = {
			isa = PBXShellScriptBuildPhase;
			buildActionMask = 2147483647;
			files = (
			);
			inputFileListPaths = (
			);
			inputPaths = (
				"${PODS_PODFILE_DIR_PATH}/Podfile.lock",
				"${PODS_ROOT}/Manifest.lock",
			);
			name = "[CP] Check Pods Manifest.lock";
			outputFileListPaths = (
			);
			outputPaths = (
				"$(DERIVED_FILE_DIR)/Pods-CodeTest_iOSTests-checkManifestLockResult.txt",
			);
			runOnlyForDeploymentPostprocessing = 0;
			shellPath = /bin/sh;
			shellScript = "diff \"${PODS_PODFILE_DIR_PATH}/Podfile.lock\" \"${PODS_ROOT}/Manifest.lock\" > /dev/null\nif [ $? != 0 ] ; then\n    # print error to STDERR\n    echo \"error: The sandbox is not in sync with the Podfile.lock. Run 'pod install' or update your CocoaPods installation.\" >&2\n    exit 1\nfi\n# This output is used by Xcode 'outputs' to avoid re-running this script phase.\necho \"SUCCESS\" > \"${SCRIPT_OUTPUT_FILE_0}\"\n";
			showEnvVarsInLog = 0;
		};
		77212262F8736044179A23CE /* [CP] Check Pods Manifest.lock */ = {
			isa = PBXShellScriptBuildPhase;
			buildActionMask = 2147483647;
			files = (
			);
			inputFileListPaths = (
			);
			inputPaths = (
				"${PODS_PODFILE_DIR_PATH}/Podfile.lock",
				"${PODS_ROOT}/Manifest.lock",
			);
			name = "[CP] Check Pods Manifest.lock";
			outputFileListPaths = (
			);
			outputPaths = (
				"$(DERIVED_FILE_DIR)/Pods-CodeTest_iOSUITests-checkManifestLockResult.txt",
			);
			runOnlyForDeploymentPostprocessing = 0;
			shellPath = /bin/sh;
			shellScript = "diff \"${PODS_PODFILE_DIR_PATH}/Podfile.lock\" \"${PODS_ROOT}/Manifest.lock\" > /dev/null\nif [ $? != 0 ] ; then\n    # print error to STDERR\n    echo \"error: The sandbox is not in sync with the Podfile.lock. Run 'pod install' or update your CocoaPods installation.\" >&2\n    exit 1\nfi\n# This output is used by Xcode 'outputs' to avoid re-running this script phase.\necho \"SUCCESS\" > \"${SCRIPT_OUTPUT_FILE_0}\"\n";
			showEnvVarsInLog = 0;
		};
		BB07943FD9D219A0B7B9582C /* [CP] Check Pods Manifest.lock */ = {
			isa = PBXShellScriptBuildPhase;
			buildActionMask = 2147483647;
			files = (
			);
			inputFileListPaths = (
			);
			inputPaths = (
				"${PODS_PODFILE_DIR_PATH}/Podfile.lock",
				"${PODS_ROOT}/Manifest.lock",
			);
			name = "[CP] Check Pods Manifest.lock";
			outputFileListPaths = (
			);
			outputPaths = (
				"$(DERIVED_FILE_DIR)/Pods-CodeTest_iOS-checkManifestLockResult.txt",
			);
			runOnlyForDeploymentPostprocessing = 0;
			shellPath = /bin/sh;
			shellScript = "diff \"${PODS_PODFILE_DIR_PATH}/Podfile.lock\" \"${PODS_ROOT}/Manifest.lock\" > /dev/null\nif [ $? != 0 ] ; then\n    # print error to STDERR\n    echo \"error: The sandbox is not in sync with the Podfile.lock. Run 'pod install' or update your CocoaPods installation.\" >&2\n    exit 1\nfi\n# This output is used by Xcode 'outputs' to avoid re-running this script phase.\necho \"SUCCESS\" > \"${SCRIPT_OUTPUT_FILE_0}\"\n";
			showEnvVarsInLog = 0;
		};
/* End PBXShellScriptBuildPhase section */

/* Begin PBXSourcesBuildPhase section */
		8DD83A2922FBDB6100EEFDB3 /* Sources */ = {
			isa = PBXSourcesBuildPhase;
			buildActionMask = 2147483647;
			files = (
				8DD83A6E22FBE9E800EEFDB3 /* EQTableViewCell.m in Sources */,
				8DD83A4022FBDB6300EEFDB3 /* main.m in Sources */,
				8DD83A6722FBE2A900EEFDB3 /* EQListViewController.m in Sources */,
				8DD83A3222FBDB6100EEFDB3 /* AppDelegate.m in Sources */,
				8DD83A6A22FBE3A500EEFDB3 /* EQMapViewController.m in Sources */,
				8DD83A7322FC0AEF00EEFDB3 /* GeoJSON.m in Sources */,
			);
			runOnlyForDeploymentPostprocessing = 0;
		};
		8DD83A4122FBDB6300EEFDB3 /* Sources */ = {
			isa = PBXSourcesBuildPhase;
			buildActionMask = 2147483647;
			files = (
				8DD83A7422FC0D6500EEFDB3 /* EQListViewController.m in Sources */,
				8DD83A4A22FBDB6300EEFDB3 /* CodeTest_iOSTests.m in Sources */,
			);
			runOnlyForDeploymentPostprocessing = 0;
		};
		8DD83A4C22FBDB6300EEFDB3 /* Sources */ = {
			isa = PBXSourcesBuildPhase;
			buildActionMask = 2147483647;
			files = (
				8DD83A5522FBDB6300EEFDB3 /* CodeTest_iOSUITests.m in Sources */,
			);
			runOnlyForDeploymentPostprocessing = 0;
		};
/* End PBXSourcesBuildPhase section */

/* Begin PBXTargetDependency section */
		8DD83A4722FBDB6300EEFDB3 /* PBXTargetDependency */ = {
			isa = PBXTargetDependency;
			target = 8DD83A2C22FBDB6100EEFDB3 /* CodeTest_iOS */;
			targetProxy = 8DD83A4622FBDB6300EEFDB3 /* PBXContainerItemProxy */;
		};
		8DD83A5222FBDB6300EEFDB3 /* PBXTargetDependency */ = {
			isa = PBXTargetDependency;
			target = 8DD83A2C22FBDB6100EEFDB3 /* CodeTest_iOS */;
			targetProxy = 8DD83A5122FBDB6300EEFDB3 /* PBXContainerItemProxy */;
		};
/* End PBXTargetDependency section */

/* Begin PBXVariantGroup section */
		8DD83A3622FBDB6100EEFDB3 /* Main.storyboard */ = {
			isa = PBXVariantGroup;
			children = (
				8DD83A3722FBDB6100EEFDB3 /* Base */,
			);
			name = Main.storyboard;
			sourceTree = "<group>";
		};
		8DD83A3B22FBDB6300EEFDB3 /* LaunchScreen.storyboard */ = {
			isa = PBXVariantGroup;
			children = (
				8DD83A3C22FBDB6300EEFDB3 /* Base */,
			);
			name = LaunchScreen.storyboard;
			sourceTree = "<group>";
		};
/* End PBXVariantGroup section */

/* Begin XCBuildConfiguration section */
		8DD83A5722FBDB6300EEFDB3 /* Debug */ = {
			isa = XCBuildConfiguration;
			buildSettings = {
				ALWAYS_SEARCH_USER_PATHS = NO;
				CLANG_ANALYZER_NONNULL = YES;
				CLANG_ANALYZER_NUMBER_OBJECT_CONVERSION = YES_AGGRESSIVE;
				CLANG_CXX_LANGUAGE_STANDARD = "gnu++14";
				CLANG_CXX_LIBRARY = "libc++";
				CLANG_ENABLE_MODULES = YES;
				CLANG_ENABLE_OBJC_ARC = YES;
				CLANG_ENABLE_OBJC_WEAK = YES;
				CLANG_WARN_BLOCK_CAPTURE_AUTORELEASING = YES;
				CLANG_WARN_BOOL_CONVERSION = YES;
				CLANG_WARN_COMMA = YES;
				CLANG_WARN_CONSTANT_CONVERSION = YES;
				CLANG_WARN_DEPRECATED_OBJC_IMPLEMENTATIONS = YES;
				CLANG_WARN_DIRECT_OBJC_ISA_USAGE = YES_ERROR;
				CLANG_WARN_DOCUMENTATION_COMMENTS = YES;
				CLANG_WARN_EMPTY_BODY = YES;
				CLANG_WARN_ENUM_CONVERSION = YES;
				CLANG_WARN_INFINITE_RECURSION = YES;
				CLANG_WARN_INT_CONVERSION = YES;
				CLANG_WARN_NON_LITERAL_NULL_CONVERSION = YES;
				CLANG_WARN_OBJC_IMPLICIT_RETAIN_SELF = YES;
				CLANG_WARN_OBJC_LITERAL_CONVERSION = YES;
				CLANG_WARN_OBJC_ROOT_CLASS = YES_ERROR;
				CLANG_WARN_RANGE_LOOP_ANALYSIS = YES;
				CLANG_WARN_STRICT_PROTOTYPES = YES;
				CLANG_WARN_SUSPICIOUS_MOVE = YES;
				CLANG_WARN_UNGUARDED_AVAILABILITY = YES_AGGRESSIVE;
				CLANG_WARN_UNREACHABLE_CODE = YES;
				CLANG_WARN__DUPLICATE_METHOD_MATCH = YES;
				CODE_SIGN_IDENTITY = "iPhone Developer";
				COPY_PHASE_STRIP = NO;
				DEBUG_INFORMATION_FORMAT = dwarf;
				ENABLE_STRICT_OBJC_MSGSEND = YES;
				ENABLE_TESTABILITY = YES;
				GCC_C_LANGUAGE_STANDARD = gnu11;
				GCC_DYNAMIC_NO_PIC = NO;
				GCC_NO_COMMON_BLOCKS = YES;
				GCC_OPTIMIZATION_LEVEL = 0;
				GCC_PREPROCESSOR_DEFINITIONS = (
					"DEBUG=1",
					"$(inherited)",
				);
				GCC_WARN_64_TO_32_BIT_CONVERSION = YES;
				GCC_WARN_ABOUT_RETURN_TYPE = YES_ERROR;
				GCC_WARN_UNDECLARED_SELECTOR = YES;
				GCC_WARN_UNINITIALIZED_AUTOS = YES_AGGRESSIVE;
				GCC_WARN_UNUSED_FUNCTION = YES;
				GCC_WARN_UNUSED_VARIABLE = YES;
				IPHONEOS_DEPLOYMENT_TARGET = 12.2;
				MTL_ENABLE_DEBUG_INFO = INCLUDE_SOURCE;
				MTL_FAST_MATH = YES;
				ONLY_ACTIVE_ARCH = YES;
				SDKROOT = iphoneos;
			};
			name = Debug;
		};
		8DD83A5822FBDB6300EEFDB3 /* Release */ = {
			isa = XCBuildConfiguration;
			buildSettings = {
				ALWAYS_SEARCH_USER_PATHS = NO;
				CLANG_ANALYZER_NONNULL = YES;
				CLANG_ANALYZER_NUMBER_OBJECT_CONVERSION = YES_AGGRESSIVE;
				CLANG_CXX_LANGUAGE_STANDARD = "gnu++14";
				CLANG_CXX_LIBRARY = "libc++";
				CLANG_ENABLE_MODULES = YES;
				CLANG_ENABLE_OBJC_ARC = YES;
				CLANG_ENABLE_OBJC_WEAK = YES;
				CLANG_WARN_BLOCK_CAPTURE_AUTORELEASING = YES;
				CLANG_WARN_BOOL_CONVERSION = YES;
				CLANG_WARN_COMMA = YES;
				CLANG_WARN_CONSTANT_CONVERSION = YES;
				CLANG_WARN_DEPRECATED_OBJC_IMPLEMENTATIONS = YES;
				CLANG_WARN_DIRECT_OBJC_ISA_USAGE = YES_ERROR;
				CLANG_WARN_DOCUMENTATION_COMMENTS = YES;
				CLANG_WARN_EMPTY_BODY = YES;
				CLANG_WARN_ENUM_CONVERSION = YES;
				CLANG_WARN_INFINITE_RECURSION = YES;
				CLANG_WARN_INT_CONVERSION = YES;
				CLANG_WARN_NON_LITERAL_NULL_CONVERSION = YES;
				CLANG_WARN_OBJC_IMPLICIT_RETAIN_SELF = YES;
				CLANG_WARN_OBJC_LITERAL_CONVERSION = YES;
				CLANG_WARN_OBJC_ROOT_CLASS = YES_ERROR;
				CLANG_WARN_RANGE_LOOP_ANALYSIS = YES;
				CLANG_WARN_STRICT_PROTOTYPES = YES;
				CLANG_WARN_SUSPICIOUS_MOVE = YES;
				CLANG_WARN_UNGUARDED_AVAILABILITY = YES_AGGRESSIVE;
				CLANG_WARN_UNREACHABLE_CODE = YES;
				CLANG_WARN__DUPLICATE_METHOD_MATCH = YES;
				CODE_SIGN_IDENTITY = "iPhone Developer";
				COPY_PHASE_STRIP = NO;
				DEBUG_INFORMATION_FORMAT = "dwarf-with-dsym";
				ENABLE_NS_ASSERTIONS = NO;
				ENABLE_STRICT_OBJC_MSGSEND = YES;
				GCC_C_LANGUAGE_STANDARD = gnu11;
				GCC_NO_COMMON_BLOCKS = YES;
				GCC_WARN_64_TO_32_BIT_CONVERSION = YES;
				GCC_WARN_ABOUT_RETURN_TYPE = YES_ERROR;
				GCC_WARN_UNDECLARED_SELECTOR = YES;
				GCC_WARN_UNINITIALIZED_AUTOS = YES_AGGRESSIVE;
				GCC_WARN_UNUSED_FUNCTION = YES;
				GCC_WARN_UNUSED_VARIABLE = YES;
				IPHONEOS_DEPLOYMENT_TARGET = 12.2;
				MTL_ENABLE_DEBUG_INFO = NO;
				MTL_FAST_MATH = YES;
				SDKROOT = iphoneos;
				VALIDATE_PRODUCT = YES;
			};
			name = Release;
		};
		8DD83A5A22FBDB6300EEFDB3 /* Debug */ = {
			isa = XCBuildConfiguration;
			baseConfigurationReference = 911919C5CCE4B0A5BE5EFE85 /* Pods-CodeTest_iOS.debug.xcconfig */;
			buildSettings = {
				ASSETCATALOG_COMPILER_APPICON_NAME = AppIcon;
				CODE_SIGN_STYLE = Automatic;
				INFOPLIST_FILE = CodeTest_iOS/Info.plist;
				LD_RUNPATH_SEARCH_PATHS = (
					"$(inherited)",
					"@executable_path/Frameworks",
				);
				PRODUCT_BUNDLE_IDENTIFIER = "com.infosys.abi.CodeTest-iOS";
				PRODUCT_NAME = "$(TARGET_NAME)";
				TARGETED_DEVICE_FAMILY = "1,2";
			};
			name = Debug;
		};
		8DD83A5B22FBDB6300EEFDB3 /* Release */ = {
			isa = XCBuildConfiguration;
			baseConfigurationReference = 6E70A3FDF8BF6FF5D76DD7F4 /* Pods-CodeTest_iOS.release.xcconfig */;
			buildSettings = {
				ASSETCATALOG_COMPILER_APPICON_NAME = AppIcon;
				CODE_SIGN_STYLE = Automatic;
				INFOPLIST_FILE = CodeTest_iOS/Info.plist;
				LD_RUNPATH_SEARCH_PATHS = (
					"$(inherited)",
					"@executable_path/Frameworks",
				);
				PRODUCT_BUNDLE_IDENTIFIER = "com.infosys.abi.CodeTest-iOS";
				PRODUCT_NAME = "$(TARGET_NAME)";
				TARGETED_DEVICE_FAMILY = "1,2";
			};
			name = Release;
		};
		8DD83A5D22FBDB6300EEFDB3 /* Debug */ = {
			isa = XCBuildConfiguration;
			baseConfigurationReference = 9EAF13C2A12121F60C918D35 /* Pods-CodeTest_iOSTests.debug.xcconfig */;
			buildSettings = {
				BUNDLE_LOADER = "$(TEST_HOST)";
				CODE_SIGN_STYLE = Automatic;
				INFOPLIST_FILE = CodeTest_iOSTests/Info.plist;
				LD_RUNPATH_SEARCH_PATHS = (
					"$(inherited)",
					"@executable_path/Frameworks",
					"@loader_path/Frameworks",
				);
				PRODUCT_BUNDLE_IDENTIFIER = "com.infosys.abi.CodeTest-iOSTests";
				PRODUCT_NAME = "$(TARGET_NAME)";
				TARGETED_DEVICE_FAMILY = "1,2";
				TEST_HOST = "$(BUILT_PRODUCTS_DIR)/CodeTest_iOS.app/CodeTest_iOS";
			};
			name = Debug;
		};
		8DD83A5E22FBDB6300EEFDB3 /* Release */ = {
			isa = XCBuildConfiguration;
			baseConfigurationReference = 189849056775997198A85FE8 /* Pods-CodeTest_iOSTests.release.xcconfig */;
			buildSettings = {
				BUNDLE_LOADER = "$(TEST_HOST)";
				CODE_SIGN_STYLE = Automatic;
				INFOPLIST_FILE = CodeTest_iOSTests/Info.plist;
				LD_RUNPATH_SEARCH_PATHS = (
					"$(inherited)",
					"@executable_path/Frameworks",
					"@loader_path/Frameworks",
				);
				PRODUCT_BUNDLE_IDENTIFIER = "com.infosys.abi.CodeTest-iOSTests";
				PRODUCT_NAME = "$(TARGET_NAME)";
				TARGETED_DEVICE_FAMILY = "1,2";
				TEST_HOST = "$(BUILT_PRODUCTS_DIR)/CodeTest_iOS.app/CodeTest_iOS";
			};
			name = Release;
		};
		8DD83A6022FBDB6300EEFDB3 /* Debug */ = {
			isa = XCBuildConfiguration;
			baseConfigurationReference = BB581E7934EB31354BCD0BCB /* Pods-CodeTest_iOSUITests.debug.xcconfig */;
			buildSettings = {
				CODE_SIGN_STYLE = Automatic;
				INFOPLIST_FILE = CodeTest_iOSUITests/Info.plist;
				LD_RUNPATH_SEARCH_PATHS = (
					"$(inherited)",
					"@executable_path/Frameworks",
					"@loader_path/Frameworks",
				);
				PRODUCT_BUNDLE_IDENTIFIER = "com.infosys.abi.CodeTest-iOSUITests";
				PRODUCT_NAME = "$(TARGET_NAME)";
				TARGETED_DEVICE_FAMILY = "1,2";
				TEST_TARGET_NAME = CodeTest_iOS;
			};
			name = Debug;
		};
		8DD83A6122FBDB6300EEFDB3 /* Release */ = {
			isa = XCBuildConfiguration;
			baseConfigurationReference = EE4ADCA6C58BC17E18475787 /* Pods-CodeTest_iOSUITests.release.xcconfig */;
			buildSettings = {
				CODE_SIGN_STYLE = Automatic;
				INFOPLIST_FILE = CodeTest_iOSUITests/Info.plist;
				LD_RUNPATH_SEARCH_PATHS = (
					"$(inherited)",
					"@executable_path/Frameworks",
					"@loader_path/Frameworks",
				);
				PRODUCT_BUNDLE_IDENTIFIER = "com.infosys.abi.CodeTest-iOSUITests";
				PRODUCT_NAME = "$(TARGET_NAME)";
				TARGETED_DEVICE_FAMILY = "1,2";
				TEST_TARGET_NAME = CodeTest_iOS;
			};
			name = Release;
		};
/* End XCBuildConfiguration section */

/* Begin XCConfigurationList section */
		8DD83A2822FBDB6100EEFDB3 /* Build configuration list for PBXProject "CodeTest_iOS" */ = {
			isa = XCConfigurationList;
			buildConfigurations = (
				8DD83A5722FBDB6300EEFDB3 /* Debug */,
				8DD83A5822FBDB6300EEFDB3 /* Release */,
			);
			defaultConfigurationIsVisible = 0;
			defaultConfigurationName = Release;
		};
		8DD83A5922FBDB6300EEFDB3 /* Build configuration list for PBXNativeTarget "CodeTest_iOS" */ = {
			isa = XCConfigurationList;
			buildConfigurations = (
				8DD83A5A22FBDB6300EEFDB3 /* Debug */,
				8DD83A5B22FBDB6300EEFDB3 /* Release */,
			);
			defaultConfigurationIsVisible = 0;
			defaultConfigurationName = Release;
		};
		8DD83A5C22FBDB6300EEFDB3 /* Build configuration list for PBXNativeTarget "CodeTest_iOSTests" */ = {
			isa = XCConfigurationList;
			buildConfigurations = (
				8DD83A5D22FBDB6300EEFDB3 /* Debug */,
				8DD83A5E22FBDB6300EEFDB3 /* Release */,
			);
			defaultConfigurationIsVisible = 0;
			defaultConfigurationName = Release;
		};
		8DD83A5F22FBDB6300EEFDB3 /* Build configuration list for PBXNativeTarget "CodeTest_iOSUITests" */ = {
			isa = XCConfigurationList;
			buildConfigurations = (
				8DD83A6022FBDB6300EEFDB3 /* Debug */,
				8DD83A6122FBDB6300EEFDB3 /* Release */,
			);
			defaultConfigurationIsVisible = 0;
			defaultConfigurationName = Release;
		};
/* End XCConfigurationList section */
	};
	rootObject = 8DD83A2522FBDB6100EEFDB3 /* Project object */;
}
